
Microsoft Visual Studio Solution File, Format Version 12.00
# Visual Studio Version 17
VisualStudioVersion = 17.2.32505.173
MinimumVisualStudioVersion = 10.0.40219.1
Project("{9A19103F-16F7-4668-BE54-9A1E7A4F7556}") = "Project", "src\Project\Project.csproj", "{7E3C754D-CD10-47AF-8932-1B3405807494}"
EndProject
Project("{9A19103F-16F7-4668-BE54-9A1E7A4F7556}") = "Project.Tests", "src\Project.Tests\Project.Tests.csproj", "{D0E735A7-2A50-40D7-A160-889432324277}"
EndProject
Global
	GlobalSection(SolutionConfigurationPlatforms) = preSolution
		Debug|Any CPU = Debug|Any CPU
		Release|Any CPU = Release|Any CPU
	EndGlobalSection
	GlobalSection(ProjectConfigurationPlatforms) = postSolution
		{7E3C754D-CD10-47AF-8932-1B3405807494}.Debug|Any CPU.ActiveCfg = Debug|Any CPU
		{7E3C754D-CD10-47AF-8932-1B3405807494}.Debug|Any CPU.Build.0 = Debug|Any CPU
		{7E3C754D-CD10-47AF-8932-1B3405807494}.Release|Any CPU.ActiveCfg = Release|Any CPU
		{7E3C754D-CD10-47AF-8932-1B3405807494}.Release|Any CPU.Build.0 = Release|Any CPU
		{D0E735A7-2A50-40D7-A160-889432324277}.Debug|Any CPU.ActiveCfg = Debug|Any CPU
		{D0E735A7-2A50-40D7-A160-889432324277}.Debug|Any CPU.Build.0 = Debug|Any CPU
		{D0E735A7-2A50-40D7-A160-889432324277}.Release|Any CPU.ActiveCfg = Release|Any CPU
		{D0E735A7-2A50-40D7-A160-889432324277}.Release|Any CPU.Build.0 = Release|Any CPU
	EndGlobalSection
	GlobalSection(SolutionProperties) = preSolution
		HideSolutionNode = FALSE
	EndGlobalSection
	GlobalSection(ExtensibilityGlobals) = postSolution
		SolutionGuid = {49C5B849-12E8-48ED-9DA8-5907CF925D1F}
	EndGlobalSection
EndGlobal
